
Microsoft Visual Studio Solution File, Format Version 12.00
# Visual Studio Version 17
VisualStudioVersion = 17.14.36414.22 d17.14
MinimumVisualStudioVersion = 10.0.40219.1
Project("{FAE04EC0-301F-11D3-BF4B-00C04F79EFBC}") = "BURST", "BURST.csproj", "{37537A5B-3A9B-44D5-A088-A0F60779ECD9}"
EndProject
Global
	GlobalSection(SolutionConfigurationPlatforms) = preSolution
		Debug|Any CPU = Debug|Any CPU
		Release|Any CPU = Release|Any CPU
	EndGlobalSection
	GlobalSection(ProjectConfigurationPlatforms) = postSolution
		{37537A5B-3A9B-44D5-A088-A0F60779ECD9}.Debug|Any CPU.ActiveCfg = Debug|Any CPU
		{37537A5B-3A9B-44D5-A088-A0F60779ECD9}.Debug|Any CPU.Build.0 = Debug|Any CPU
		{37537A5B-3A9B-44D5-A088-A0F60779ECD9}.Release|Any CPU.ActiveCfg = Release|Any CPU
		{37537A5B-3A9B-44D5-A088-A0F60779ECD9}.Release|Any CPU.Build.0 = Release|Any CPU
	EndGlobalSection
	GlobalSection(SolutionProperties) = preSolution
		HideSolutionNode = FALSE
	EndGlobalSection
	GlobalSection(ExtensibilityGlobals) = postSolution
		SolutionGuid = {4048EA78-70A9-4E5B-A243-19915C6E29F0}
	EndGlobalSection
EndGlobal
